// !$*UTF8*$!
{
	archiveVersion = 1;
	classes = {
	};
	objectVersion = 50;
	objects = {

/* Begin PBXBuildFile section */
		3056FABA21C2C3B300C4A0F3 /* AppDelegate.m in Sources */ = {isa = PBXBuildFile; fileRef = 3056FAB921C2C3B300C4A0F3 /* AppDelegate.m */; };
		3056FABD21C2C3B300C4A0F3 /* ViewController.m in Sources */ = {isa = PBXBuildFile; fileRef = 3056FABC21C2C3B300C4A0F3 /* ViewController.m */; };
		3056FAC021C2C3B300C4A0F3 /* Main.storyboard in Resources */ = {isa = PBXBuildFile; fileRef = 3056FABE21C2C3B300C4A0F3 /* Main.storyboard */; };
		3056FAC221C2C3B400C4A0F3 /* Assets.xcassets in Resources */ = {isa = PBXBuildFile; fileRef = 3056FAC121C2C3B400C4A0F3 /* Assets.xcassets */; };
		3056FAC521C2C3B400C4A0F3 /* LaunchScreen.storyboard in Resources */ = {isa = PBXBuildFile; fileRef = 3056FAC321C2C3B400C4A0F3 /* LaunchScreen.storyboard */; };
		3056FAC821C2C3B400C4A0F3 /* main.m in Sources */ = {isa = PBXBuildFile; fileRef = 3056FAC721C2C3B400C4A0F3 /* main.m */; };
		3056FAD221C2C3B400C4A0F3 /* Hello_worldTests.m in Sources */ = {isa = PBXBuildFile; fileRef = 3056FAD121C2C3B400C4A0F3 /* Hello_worldTests.m */; };
		3056FADD21C2C3B400C4A0F3 /* Hello_worldUITests.m in Sources */ = {isa = PBXBuildFile; fileRef = 3056FADC21C2C3B400C4A0F3 /* Hello_worldUITests.m */; };
/* End PBXBuildFile section */

/* Begin PBXContainerItemProxy section */
		3056FACE21C2C3B400C4A0F3 /* PBXContainerItemProxy */ = {
			isa = PBXContainerItemProxy;
			containerPortal = 3056FAAD21C2C3B300C4A0F3 /* Project object */;
			proxyType = 1;
			remoteGlobalIDString = 3056FAB421C2C3B300C4A0F3;
			remoteInfo = "Hello world";
		};
		3056FAD921C2C3B400C4A0F3 /* PBXContainerItemProxy */ = {
			isa = PBXContainerItemProxy;
			containerPortal = 3056FAAD21C2C3B300C4A0F3 /* Project object */;
			proxyType = 1;
			remoteGlobalIDString = 3056FAB421C2C3B300C4A0F3;
			remoteInfo = "Hello world";
		};
/* End PBXContainerItemProxy section */

/* Begin PBXFileReference section */
		3056FAB521C2C3B300C4A0F3 /* Hello world.app */ = {isa = PBXFileReference; explicitFileType = wrapper.application; includeInIndex = 0; path = "Hello world.app"; sourceTree = BUILT_PRODUCTS_DIR; };
		3056FAB821C2C3B300C4A0F3 /* AppDelegate.h */ = {isa = PBXFileReference; lastKnownFileType = sourcecode.c.h; path = AppDelegate.h; sourceTree = "<group>"; };
		3056FAB921C2C3B300C4A0F3 /* AppDelegate.m */ = {isa = PBXFileReference; lastKnownFileType = sourcecode.c.objc; path = AppDelegate.m; sourceTree = "<group>"; };
		3056FABB21C2C3B300C4A0F3 /* ViewController.h */ = {isa = PBXFileReference; lastKnownFileType = sourcecode.c.h; path = ViewController.h; sourceTree = "<group>"; };
		3056FABC21C2C3B300C4A0F3 /* ViewController.m */ = {isa = PBXFileReference; lastKnownFileType = sourcecode.c.objc; path = ViewController.m; sourceTree = "<group>"; };
		3056FABF21C2C3B300C4A0F3 /* Base */ = {isa = PBXFileReference; lastKnownFileType = file.storyboard; name = Base; path = Base.lproj/Main.storyboard; sourceTree = "<group>"; };
		3056FAC121C2C3B400C4A0F3 /* Assets.xcassets */ = {isa = PBXFileReference; lastKnownFileType = folder.assetcatalog; path = Assets.xcassets; sourceTree = "<group>"; };
		3056FAC421C2C3B400C4A0F3 /* Base */ = {isa = PBXFileReference; lastKnownFileType = file.storyboard; name = Base; path = Base.lproj/LaunchScreen.storyboard; sourceTree = "<group>"; };
		3056FAC621C2C3B400C4A0F3 /* Info.plist */ = {isa = PBXFileReference; lastKnownFileType = text.plist.xml; path = Info.plist; sourceTree = "<group>"; };
		3056FAC721C2C3B400C4A0F3 /* main.m */ = {isa = PBXFileReference; lastKnownFileType = sourcecode.c.objc; path = main.m; sourceTree = "<group>"; };
		3056FACD21C2C3B400C4A0F3 /* Hello worldTests.xctest */ = {isa = PBXFileReference; explicitFileType = wrapper.cfbundle; includeInIndex = 0; path = "Hello worldTests.xctest"; sourceTree = BUILT_PRODUCTS_DIR; };
		3056FAD121C2C3B400C4A0F3 /* Hello_worldTests.m */ = {isa = PBXFileReference; lastKnownFileType = sourcecode.c.objc; path = Hello_worldTests.m; sourceTree = "<group>"; };
		3056FAD321C2C3B400C4A0F3 /* Info.plist */ = {isa = PBXFileReference; lastKnownFileType = text.plist.xml; path = Info.plist; sourceTree = "<group>"; };
		3056FAD821C2C3B400C4A0F3 /* Hello worldUITests.xctest */ = {isa = PBXFileReference; explicitFileType = wrapper.cfbundle; includeInIndex = 0; path = "Hello worldUITests.xctest"; sourceTree = BUILT_PRODUCTS_DIR; };
		3056FADC21C2C3B400C4A0F3 /* Hello_worldUITests.m */ = {isa = PBXFileReference; lastKnownFileType = sourcecode.c.objc; path = Hello_worldUITests.m; sourceTree = "<group>"; };
		3056FADE21C2C3B400C4A0F3 /* Info.plist */ = {isa = PBXFileReference; lastKnownFileType = text.plist.xml; path = Info.plist; sourceTree = "<group>"; };
/* End PBXFileReference section */

/* Begin PBXFrameworksBuildPhase section */
		3056FAB221C2C3B300C4A0F3 /* Frameworks */ = {
			isa = PBXFrameworksBuildPhase;
			buildActionMask = 2147483647;
			files = (
			);
			runOnlyForDeploymentPostprocessing = 0;
		};
		3056FACA21C2C3B400C4A0F3 /* Frameworks */ = {
			isa = PBXFrameworksBuildPhase;
			buildActionMask = 2147483647;
			files = (
			);
			runOnlyForDeploymentPostprocessing = 0;
		};
		3056FAD521C2C3B400C4A0F3 /* Frameworks */ = {
			isa = PBXFrameworksBuildPhase;
			buildActionMask = 2147483647;
			files = (
			);
			runOnlyForDeploymentPostprocessing = 0;
		};
/* End PBXFrameworksBuildPhase section */

/* Begin PBXGroup section */
		3056FAAC21C2C3B300C4A0F3 = {
			isa = PBXGroup;
			children = (
				3056FAB721C2C3B300C4A0F3 /* Hello world */,
				3056FAD021C2C3B400C4A0F3 /* Hello worldTests */,
				3056FADB21C2C3B400C4A0F3 /* Hello worldUITests */,
				3056FAB621C2C3B300C4A0F3 /* Products */,
			);
			sourceTree = "<group>";
		};
		3056FAB621C2C3B300C4A0F3 /* Products */ = {
			isa = PBXGroup;
			children = (
				3056FAB521C2C3B300C4A0F3 /* Hello world.app */,
				3056FACD21C2C3B400C4A0F3 /* Hello worldTests.xctest */,
				3056FAD821C2C3B400C4A0F3 /* Hello worldUITests.xctest */,
			);
			name = Products;
			sourceTree = "<group>";
		};
		3056FAB721C2C3B300C4A0F3 /* Hello world */ = {
			isa = PBXGroup;
			children = (
				3056FAB821C2C3B300C4A0F3 /* AppDelegate.h */,
				3056FAB921C2C3B300C4A0F3 /* AppDelegate.m */,
				3056FABB21C2C3B300C4A0F3 /* ViewController.h */,
				3056FABC21C2C3B300C4A0F3 /* ViewController.m */,
				3056FABE21C2C3B300C4A0F3 /* Main.storyboard */,
				3056FAC121C2C3B400C4A0F3 /* Assets.xcassets */,
				3056FAC321C2C3B400C4A0F3 /* LaunchScreen.storyboard */,
				3056FAC621C2C3B400C4A0F3 /* Info.plist */,
				3056FAC721C2C3B400C4A0F3 /* main.m */,
			);
			path = "Hello world";
			sourceTree = "<group>";
		};
		3056FAD021C2C3B400C4A0F3 /* Hello worldTests */ = {
			isa = PBXGroup;
			children = (
				3056FAD121C2C3B400C4A0F3 /* Hello_worldTests.m */,
				3056FAD321C2C3B400C4A0F3 /* Info.plist */,
			);
			path = "Hello worldTests";
			sourceTree = "<group>";
		};
		3056FADB21C2C3B400C4A0F3 /* Hello worldUITests */ = {
			isa = PBXGroup;
			children = (
				3056FADC21C2C3B400C4A0F3 /* Hello_worldUITests.m */,
				3056FADE21C2C3B400C4A0F3 /* Info.plist */,
			);
			path = "Hello worldUITests";
			sourceTree = "<group>";
		};
/* End PBXGroup section */

/* Begin PBXNativeTarget section */
		3056FAB421C2C3B300C4A0F3 /* Hello world */ = {
			isa = PBXNativeTarget;
			buildConfigurationList = 3056FAE121C2C3B400C4A0F3 /* Build configuration list for PBXNativeTarget "Hello world" */;
			buildPhases = (
				3056FAB121C2C3B300C4A0F3 /* Sources */,
				3056FAB221C2C3B300C4A0F3 /* Frameworks */,
				3056FAB321C2C3B300C4A0F3 /* Resources */,
			);
			buildRules = (
			);
			dependencies = (
			);
			name = "Hello world";
			productName = "Hello world";
			productReference = 3056FAB521C2C3B300C4A0F3 /* Hello world.app */;
			productType = "com.apple.product-type.application";
		};
		3056FACC21C2C3B400C4A0F3 /* Hello worldTests */ = {
			isa = PBXNativeTarget;
			buildConfigurationList = 3056FAE421C2C3B400C4A0F3 /* Build configuration list for PBXNativeTarget "Hello worldTests" */;
			buildPhases = (
				3056FAC921C2C3B400C4A0F3 /* Sources */,
				3056FACA21C2C3B400C4A0F3 /* Frameworks */,
				3056FACB21C2C3B400C4A0F3 /* Resources */,
			);
			buildRules = (
			);
			dependencies = (
				3056FACF21C2C3B400C4A0F3 /* PBXTargetDependency */,
			);
			name = "Hello worldTests";
			productName = "Hello worldTests";
			productReference = 3056FACD21C2C3B400C4A0F3 /* Hello worldTests.xctest */;
			productType = "com.apple.product-type.bundle.unit-test";
		};
		3056FAD721C2C3B400C4A0F3 /* Hello worldUITests */ = {
			isa = PBXNativeTarget;
			buildConfigurationList = 3056FAE721C2C3B400C4A0F3 /* Build configuration list for PBXNativeTarget "Hello worldUITests" */;
			buildPhases = (
				3056FAD421C2C3B400C4A0F3 /* Sources */,
				3056FAD521C2C3B400C4A0F3 /* Frameworks */,
				3056FAD621C2C3B400C4A0F3 /* Resources */,
			);
			buildRules = (
			);
			dependencies = (
				3056FADA21C2C3B400C4A0F3 /* PBXTargetDependency */,
			);
			name = "Hello worldUITests";
			productName = "Hello worldUITests";
			productReference = 3056FAD821C2C3B400C4A0F3 /* Hello worldUITests.xctest */;
			productType = "com.apple.product-type.bundle.ui-testing";
		};
/* End PBXNativeTarget section */

/* Begin PBXProject section */
		3056FAAD21C2C3B300C4A0F3 /* Project object */ = {
			isa = PBXProject;
			attributes = {
				LastUpgradeCheck = 1010;
				ORGANIZATIONNAME = "熊逸文";
				TargetAttributes = {
					3056FAB421C2C3B300C4A0F3 = {
						CreatedOnToolsVersion = 10.1;
					};
					3056FACC21C2C3B400C4A0F3 = {
						CreatedOnToolsVersion = 10.1;
						TestTargetID = 3056FAB421C2C3B300C4A0F3;
					};
					3056FAD721C2C3B400C4A0F3 = {
						CreatedOnToolsVersion = 10.1;
						TestTargetID = 3056FAB421C2C3B300C4A0F3;
					};
				};
			};
			buildConfigurationList = 3056FAB021C2C3B300C4A0F3 /* Build configuration list for PBXProject "Hello world" */;
			compatibilityVersion = "Xcode 9.3";
			developmentRegion = en;
			hasScannedForEncodings = 0;
			knownRegions = (
				en,
				Base,
			);
			mainGroup = 3056FAAC21C2C3B300C4A0F3;
			productRefGroup = 3056FAB621C2C3B300C4A0F3 /* Products */;
			projectDirPath = "";
			projectRoot = "";
			targets = (
				3056FAB421C2C3B300C4A0F3 /* Hello world */,
				3056FACC21C2C3B400C4A0F3 /* Hello worldTests */,
				3056FAD721C2C3B400C4A0F3 /* Hello worldUITests */,
			);
		};
/* End PBXProject section */

/* Begin PBXResourcesBuildPhase section */
		3056FAB321C2C3B300C4A0F3 /* Resources */ = {
			isa = PBXResourcesBuildPhase;
			buildActionMask = 2147483647;
			files = (
				3056FAC521C2C3B400C4A0F3 /* LaunchScreen.storyboard in Resources */,
				3056FAC221C2C3B400C4A0F3 /* Assets.xcassets in Resources */,
				3056FAC021C2C3B300C4A0F3 /* Main.storyboard in Resources */,
			);
			runOnlyForDeploymentPostprocessing = 0;
		};
		3056FACB21C2C3B400C4A0F3 /* Resources */ = {
			isa = PBXResourcesBuildPhase;
			buildActionMask = 2147483647;
			files = (
			);
			runOnlyForDeploymentPostprocessing = 0;
		};
		3056FAD621C2C3B400C4A0F3 /* Resources */ = {
			isa = PBXResourcesBuildPhase;
			buildActionMask = 2147483647;
			files = (
			);
			runOnlyForDeploymentPostprocessing = 0;
		};
/* End PBXResourcesBuildPhase section */

/* Begin PBXSourcesBuildPhase section */
		3056FAB121C2C3B300C4A0F3 /* Sources */ = {
			isa = PBXSourcesBuildPhase;
			buildActionMask = 2147483647;
			files = (
				3056FABD21C2C3B300C4A0F3 /* ViewController.m in Sources */,
				3056FAC821C2C3B400C4A0F3 /* main.m in Sources */,
				3056FABA21C2C3B300C4A0F3 /* AppDelegate.m in Sources */,
			);
			runOnlyForDeploymentPostprocessing = 0;
		};
		3056FAC921C2C3B400C4A0F3 /* Sources */ = {
			isa = PBXSourcesBuildPhase;
			buildActionMask = 2147483647;
			files = (
				3056FAD221C2C3B400C4A0F3 /* Hello_worldTests.m in Sources */,
			);
			runOnlyForDeploymentPostprocessing = 0;
		};
		3056FAD421C2C3B400C4A0F3 /* Sources */ = {
			isa = PBXSourcesBuildPhase;
			buildActionMask = 2147483647;
			files = (
				3056FADD21C2C3B400C4A0F3 /* Hello_worldUITests.m in Sources */,
			);
			runOnlyForDeploymentPostprocessing = 0;
		};
/* End PBXSourcesBuildPhase section */

/* Begin PBXTargetDependency section */
		3056FACF21C2C3B400C4A0F3 /* PBXTargetDependency */ = {
			isa = PBXTargetDependency;
			target = 3056FAB421C2C3B300C4A0F3 /* Hello world */;
			targetProxy = 3056FACE21C2C3B400C4A0F3 /* PBXContainerItemProxy */;
		};
		3056FADA21C2C3B400C4A0F3 /* PBXTargetDependency */ = {
			isa = PBXTargetDependency;
			target = 3056FAB421C2C3B300C4A0F3 /* Hello world */;
			targetProxy = 3056FAD921C2C3B400C4A0F3 /* PBXContainerItemProxy */;
		};
/* End PBXTargetDependency section */

/* Begin PBXVariantGroup section */
		3056FABE21C2C3B300C4A0F3 /* Main.storyboard */ = {
			isa = PBXVariantGroup;
			children = (
				3056FABF21C2C3B300C4A0F3 /* Base */,
			);
			name = Main.storyboard;
			sourceTree = "<group>";
		};
		3056FAC321C2C3B400C4A0F3 /* LaunchScreen.storyboard */ = {
			isa = PBXVariantGroup;
			children = (
				3056FAC421C2C3B400C4A0F3 /* Base */,
			);
			name = LaunchScreen.storyboard;
			sourceTree = "<group>";
		};
/* End PBXVariantGroup section */

/* Begin XCBuildConfiguration section */
		3056FADF21C2C3B400C4A0F3 /* Debug */ = {
			isa = XCBuildConfiguration;
			buildSettings = {
				ALWAYS_SEARCH_USER_PATHS = NO;
				CLANG_ANALYZER_NONNULL = YES;
				CLANG_ANALYZER_NUMBER_OBJECT_CONVERSION = YES_AGGRESSIVE;
				CLANG_CXX_LANGUAGE_STANDARD = "gnu++14";
				CLANG_CXX_LIBRARY = "libc++";
				CLANG_ENABLE_MODULES = YES;
				CLANG_ENABLE_OBJC_ARC = YES;
				CLANG_ENABLE_OBJC_WEAK = YES;
				CLANG_WARN_BLOCK_CAPTURE_AUTORELEASING = YES;
				CLANG_WARN_BOOL_CONVERSION = YES;
				CLANG_WARN_COMMA = YES;
				CLANG_WARN_CONSTANT_CONVERSION = YES;
				CLANG_WARN_DEPRECATED_OBJC_IMPLEMENTATIONS = YES;
				CLANG_WARN_DIRECT_OBJC_ISA_USAGE = YES_ERROR;
				CLANG_WARN_DOCUMENTATION_COMMENTS = YES;
				CLANG_WARN_EMPTY_BODY = YES;
				CLANG_WARN_ENUM_CONVERSION = YES;
				CLANG_WARN_INFINITE_RECURSION = YES;
				CLANG_WARN_INT_CONVERSION = YES;
				CLANG_WARN_NON_LITERAL_NULL_CONVERSION = YES;
				CLANG_WARN_OBJC_IMPLICIT_RETAIN_SELF = YES;
				CLANG_WARN_OBJC_LITERAL_CONVERSION = YES;
				CLANG_WARN_OBJC_ROOT_CLASS = YES_ERROR;
				CLANG_WARN_RANGE_LOOP_ANALYSIS = YES;
				CLANG_WARN_STRICT_PROTOTYPES = YES;
				CLANG_WARN_SUSPICIOUS_MOVE = YES;
				CLANG_WARN_UNGUARDED_AVAILABILITY = YES_AGGRESSIVE;
				CLANG_WARN_UNREACHABLE_CODE = YES;
				CLANG_WARN__DUPLICATE_METHOD_MATCH = YES;
				CODE_SIGN_IDENTITY = "iPhone Developer";
				COPY_PHASE_STRIP = NO;
				DEBUG_INFORMATION_FORMAT = dwarf;
				ENABLE_STRICT_OBJC_MSGSEND = YES;
				ENABLE_TESTABILITY = YES;
				GCC_C_LANGUAGE_STANDARD = gnu11;
				GCC_DYNAMIC_NO_PIC = NO;
				GCC_NO_COMMON_BLOCKS = YES;
				GCC_OPTIMIZATION_LEVEL = 0;
				GCC_PREPROCESSOR_DEFINITIONS = (
					"DEBUG=1",
					"$(inherited)",
				);
				GCC_WARN_64_TO_32_BIT_CONVERSION = YES;
				GCC_WARN_ABOUT_RETURN_TYPE = YES_ERROR;
				GCC_WARN_UNDECLARED_SELECTOR = YES;
				GCC_WARN_UNINITIALIZED_AUTOS = YES_AGGRESSIVE;
				GCC_WARN_UNUSED_FUNCTION = YES;
				GCC_WARN_UNUSED_VARIABLE = YES;
				IPHONEOS_DEPLOYMENT_TARGET = 12.1;
				MTL_ENABLE_DEBUG_INFO = INCLUDE_SOURCE;
				MTL_FAST_MATH = YES;
				ONLY_ACTIVE_ARCH = YES;
				SDKROOT = iphoneos;
			};
			name = Debug;
		};
		3056FAE021C2C3B400C4A0F3 /* Release */ = {
			isa = XCBuildConfiguration;
			buildSettings = {
				ALWAYS_SEARCH_USER_PATHS = NO;
				CLANG_ANALYZER_NONNULL = YES;
				CLANG_ANALYZER_NUMBER_OBJECT_CONVERSION = YES_AGGRESSIVE;
				CLANG_CXX_LANGUAGE_STANDARD = "gnu++14";
				CLANG_CXX_LIBRARY = "libc++";
				CLANG_ENABLE_MODULES = YES;
				CLANG_ENABLE_OBJC_ARC = YES;
				CLANG_ENABLE_OBJC_WEAK = YES;
				CLANG_WARN_BLOCK_CAPTURE_AUTORELEASING = YES;
				CLANG_WARN_BOOL_CONVERSION = YES;
				CLANG_WARN_COMMA = YES;
				CLANG_WARN_CONSTANT_CONVERSION = YES;
				CLANG_WARN_DEPRECATED_OBJC_IMPLEMENTATIONS = YES;
				CLANG_WARN_DIRECT_OBJC_ISA_USAGE = YES_ERROR;
				CLANG_WARN_DOCUMENTATION_COMMENTS = YES;
				CLANG_WARN_EMPTY_BODY = YES;
				CLANG_WARN_ENUM_CONVERSION = YES;
				CLANG_WARN_INFINITE_RECURSION = YES;
				CLANG_WARN_INT_CONVERSION = YES;
				CLANG_WARN_NON_LITERAL_NULL_CONVERSION = YES;
				CLANG_WARN_OBJC_IMPLICIT_RETAIN_SELF = YES;
				CLANG_WARN_OBJC_LITERAL_CONVERSION = YES;
				CLANG_WARN_OBJC_ROOT_CLASS = YES_ERROR;
				CLANG_WARN_RANGE_LOOP_ANALYSIS = YES;
				CLANG_WARN_STRICT_PROTOTYPES = YES;
				CLANG_WARN_SUSPICIOUS_MOVE = YES;
				CLANG_WARN_UNGUARDED_AVAILABILITY = YES_AGGRESSIVE;
				CLANG_WARN_UNREACHABLE_CODE = YES;
				CLANG_WARN__DUPLICATE_METHOD_MATCH = YES;
				CODE_SIGN_IDENTITY = "iPhone Developer";
				COPY_PHASE_STRIP = NO;
				DEBUG_INFORMATION_FORMAT = "dwarf-with-dsym";
				ENABLE_NS_ASSERTIONS = NO;
				ENABLE_STRICT_OBJC_MSGSEND = YES;
				GCC_C_LANGUAGE_STANDARD = gnu11;
				GCC_NO_COMMON_BLOCKS = YES;
				GCC_WARN_64_TO_32_BIT_CONVERSION = YES;
				GCC_WARN_ABOUT_RETURN_TYPE = YES_ERROR;
				GCC_WARN_UNDECLARED_SELECTOR = YES;
				GCC_WARN_UNINITIALIZED_AUTOS = YES_AGGRESSIVE;
				GCC_WARN_UNUSED_FUNCTION = YES;
				GCC_WARN_UNUSED_VARIABLE = YES;
				IPHONEOS_DEPLOYMENT_TARGET = 12.1;
				MTL_ENABLE_DEBUG_INFO = NO;
				MTL_FAST_MATH = YES;
				SDKROOT = iphoneos;
				VALIDATE_PRODUCT = YES;
			};
			name = Release;
		};
		3056FAE221C2C3B400C4A0F3 /* Debug */ = {
			isa = XCBuildConfiguration;
			buildSettings = {
				ASSETCATALOG_COMPILER_APPICON_NAME = AppIcon;
				CODE_SIGN_STYLE = Automatic;
				DEVELOPMENT_TEAM = B8ND5L7CJS;
				INFOPLIST_FILE = "Hello world/Info.plist";
				LD_RUNPATH_SEARCH_PATHS = (
					"$(inherited)",
					"@executable_path/Frameworks",
				);
				PRODUCT_BUNDLE_IDENTIFIER = "ZD.Hello-world";
				PRODUCT_NAME = "$(TARGET_NAME)";
				TARGETED_DEVICE_FAMILY = "1,2";
			};
			name = Debug;
		};
		3056FAE321C2C3B400C4A0F3 /* Release */ = {
			isa = XCBuildConfiguration;
			buildSettings = {
				ASSETCATALOG_COMPILER_APPICON_NAME = AppIcon;
				CODE_SIGN_STYLE = Automatic;
				DEVELOPMENT_TEAM = B8ND5L7CJS;
				INFOPLIST_FILE = "Hello world/Info.plist";
				LD_RUNPATH_SEARCH_PATHS = (
					"$(inherited)",
					"@executable_path/Frameworks",
				);
				PRODUCT_BUNDLE_IDENTIFIER = "ZD.Hello-world";
				PRODUCT_NAME = "$(TARGET_NAME)";
				TARGETED_DEVICE_FAMILY = "1,2";
			};
			name = Release;
		};
		3056FAE521C2C3B400C4A0F3 /* Debug */ = {
			isa = XCBuildConfiguration;
			buildSettings = {
				BUNDLE_LOADER = "$(TEST_HOST)";
				CODE_SIGN_STYLE = Automatic;
				DEVELOPMENT_TEAM = B8ND5L7CJS;
				INFOPLIST_FILE = "Hello worldTests/Info.plist";
				LD_RUNPATH_SEARCH_PATHS = (
					"$(inherited)",
					"@executable_path/Frameworks",
					"@loader_path/Frameworks",
				);
				PRODUCT_BUNDLE_IDENTIFIER = "ZD.Hello-worldTests";
				PRODUCT_NAME = "$(TARGET_NAME)";
				TARGETED_DEVICE_FAMILY = "1,2";
				TEST_HOST = "$(BUILT_PRODUCTS_DIR)/Hello world.app/Hello world";
			};
			name = Debug;
		};
		3056FAE621C2C3B400C4A0F3 /* Release */ = {
			isa = XCBuildConfiguration;
			buildSettings = {
				BUNDLE_LOADER = "$(TEST_HOST)";
				CODE_SIGN_STYLE = Automatic;
				DEVELOPMENT_TEAM = B8ND5L7CJS;
				INFOPLIST_FILE = "Hello worldTests/Info.plist";
				LD_RUNPATH_SEARCH_PATHS = (
					"$(inherited)",
					"@executable_path/Frameworks",
					"@loader_path/Frameworks",
				);
				PRODUCT_BUNDLE_IDENTIFIER = "ZD.Hello-worldTests";
				PRODUCT_NAME = "$(TARGET_NAME)";
				TARGETED_DEVICE_FAMILY = "1,2";
				TEST_HOST = "$(BUILT_PRODUCTS_DIR)/Hello world.app/Hello world";
			};
			name = Release;
		};
		3056FAE821C2C3B400C4A0F3 /* Debug */ = {
			isa = XCBuildConfiguration;
			buildSettings = {
				CODE_SIGN_STYLE = Automatic;
				DEVELOPMENT_TEAM = B8ND5L7CJS;
				INFOPLIST_FILE = "Hello worldUITests/Info.plist";
				LD_RUNPATH_SEARCH_PATHS = (
					"$(inherited)",
					"@executable_path/Frameworks",
					"@loader_path/Frameworks",
				);
				PRODUCT_BUNDLE_IDENTIFIER = "ZD.Hello-worldUITests";
				PRODUCT_NAME = "$(TARGET_NAME)";
				TARGETED_DEVICE_FAMILY = "1,2";
				TEST_TARGET_NAME = "Hello world";
			};
			name = Debug;
		};
		3056FAE921C2C3B400C4A0F3 /* Release */ = {
			isa = XCBuildConfiguration;
			buildSettings = {
				CODE_SIGN_STYLE = Automatic;
				DEVELOPMENT_TEAM = B8ND5L7CJS;
				INFOPLIST_FILE = "Hello worldUITests/Info.plist";
				LD_RUNPATH_SEARCH_PATHS = (
					"$(inherited)",
					"@executable_path/Frameworks",
					"@loader_path/Frameworks",
				);
				PRODUCT_BUNDLE_IDENTIFIER = "ZD.Hello-worldUITests";
				PRODUCT_NAME = "$(TARGET_NAME)";
				TARGETED_DEVICE_FAMILY = "1,2";
				TEST_TARGET_NAME = "Hello world";
			};
			name = Release;
		};
/* End XCBuildConfiguration section */

/* Begin XCConfigurationList section */
		3056FAB021C2C3B300C4A0F3 /* Build configuration list for PBXProject "Hello world" */ = {
			isa = XCConfigurationList;
			buildConfigurations = (
				3056FADF21C2C3B400C4A0F3 /* Debug */,
				3056FAE021C2C3B400C4A0F3 /* Release */,
			);
			defaultConfigurationIsVisible = 0;
			defaultConfigurationName = Release;
		};
		3056FAE121C2C3B400C4A0F3 /* Build configuration list for PBXNativeTarget "Hello world" */ = {
			isa = XCConfigurationList;
			buildConfigurations = (
				3056FAE221C2C3B400C4A0F3 /* Debug */,
				3056FAE321C2C3B400C4A0F3 /* Release */,
			);
			defaultConfigurationIsVisible = 0;
			defaultConfigurationName = Release;
		};
		3056FAE421C2C3B400C4A0F3 /* Build configuration list for PBXNativeTarget "Hello worldTests" */ = {
			isa = XCConfigurationList;
			buildConfigurations = (
				3056FAE521C2C3B400C4A0F3 /* Debug */,
				3056FAE621C2C3B400C4A0F3 /* Release */,
			);
			defaultConfigurationIsVisible = 0;
			defaultConfigurationName = Release;
		};
		3056FAE721C2C3B400C4A0F3 /* Build configuration list for PBXNativeTarget "Hello worldUITests" */ = {
			isa = XCConfigurationList;
			buildConfigurations = (
				3056FAE821C2C3B400C4A0F3 /* Debug */,
				3056FAE921C2C3B400C4A0F3 /* Release */,
			);
			defaultConfigurationIsVisible = 0;
			defaultConfigurationName = Release;
		};
/* End XCConfigurationList section */
	};
	rootObject = 3056FAAD21C2C3B300C4A0F3 /* Project object */;
}
